
Microsoft Visual Studio Solution File, Format Version 12.00
# Visual Studio Version 17
VisualStudioVersion = 17.6.33723.286
MinimumVisualStudioVersion = 10.0.40219.1
Project("{FAE04EC0-301F-11D3-BF4B-00C04F79EFBC}") = "AspNetMvcBlog", "AspNetMvcBlog.csproj", "{703DA91F-6FC1-45BF-A450-152CAAB9838C}"
EndProject
Global
	GlobalSection(SolutionConfigurationPlatforms) = preSolution
		Debug|Any CPU = Debug|Any CPU
		Release|Any CPU = Release|Any CPU
	EndGlobalSection
	GlobalSection(ProjectConfigurationPlatforms) = postSolution
		{703DA91F-6FC1-45BF-A450-152CAAB9838C}.Debug|Any CPU.ActiveCfg = Debug|Any CPU
		{703DA91F-6FC1-45BF-A450-152CAAB9838C}.Debug|Any CPU.Build.0 = Debug|Any CPU
		{703DA91F-6FC1-45BF-A450-152CAAB9838C}.Release|Any CPU.ActiveCfg = Release|Any CPU
		{703DA91F-6FC1-45BF-A450-152CAAB9838C}.Release|Any CPU.Build.0 = Release|Any CPU
	EndGlobalSection
	GlobalSection(SolutionProperties) = preSolution
		HideSolutionNode = FALSE
	EndGlobalSection
	GlobalSection(ExtensibilityGlobals) = postSolution
		SolutionGuid = {9CFAB7B8-8310-413F-AC03-9C40563C00E9}
	EndGlobalSection
EndGlobal
